
Microsoft Visual Studio Solution File, Format Version 12.00
# Visual Studio Version 17
VisualStudioVersion = 17.3.32929.385
MinimumVisualStudioVersion = 10.0.40219.1
Project("{FAE04EC0-301F-11D3-BF4B-00C04F79EFBC}") = "olio-ohjelmointi", "olliohjelmointi\olio-ohjelmointi.csproj", "{9ED38849-F4E0-4B24-A5CD-74F46DE50C39}"
EndProject
Project("{FAE04EC0-301F-11D3-BF4B-00C04F79EFBC}") = "ensimmäinen tehtävä", "ensimmäinen tehtävä\ensimmäinen tehtävä.csproj", "{49FE07B5-B133-4329-B593-3B645CD041EA}"
EndProject
Global
	GlobalSection(SolutionConfigurationPlatforms) = preSolution
		Debug|Any CPU = Debug|Any CPU
		Release|Any CPU = Release|Any CPU
	EndGlobalSection
	GlobalSection(ProjectConfigurationPlatforms) = postSolution
		{9ED38849-F4E0-4B24-A5CD-74F46DE50C39}.Debug|Any CPU.ActiveCfg = Debug|Any CPU
		{9ED38849-F4E0-4B24-A5CD-74F46DE50C39}.Debug|Any CPU.Build.0 = Debug|Any CPU
		{9ED38849-F4E0-4B24-A5CD-74F46DE50C39}.Release|Any CPU.ActiveCfg = Release|Any CPU
		{9ED38849-F4E0-4B24-A5CD-74F46DE50C39}.Release|Any CPU.Build.0 = Release|Any CPU
		{49FE07B5-B133-4329-B593-3B645CD041EA}.Debug|Any CPU.ActiveCfg = Debug|Any CPU
		{49FE07B5-B133-4329-B593-3B645CD041EA}.Debug|Any CPU.Build.0 = Debug|Any CPU
		{49FE07B5-B133-4329-B593-3B645CD041EA}.Release|Any CPU.ActiveCfg = Release|Any CPU
		{49FE07B5-B133-4329-B593-3B645CD041EA}.Release|Any CPU.Build.0 = Release|Any CPU
	EndGlobalSection
	GlobalSection(SolutionProperties) = preSolution
		HideSolutionNode = FALSE
	EndGlobalSection
	GlobalSection(ExtensibilityGlobals) = postSolution
		SolutionGuid = {7D084AFD-729A-47B0-9843-039C9A0BE1C6}
	EndGlobalSection
EndGlobal
